
Microsoft Visual Studio Solution File, Format Version 12.00
# Visual Studio Version 16
VisualStudioVersion = 16.0.30406.217
MinimumVisualStudioVersion = 10.0.40219.1
Project("{FAE04EC0-301F-11D3-BF4B-00C04F79EFBC}") = "BearCaveMVC", "BearCaveMVC\BearCaveMVC.csproj", "{BEF4816A-5027-4034-A481-C8AC44A91886}"
EndProject
Global
	GlobalSection(SolutionConfigurationPlatforms) = preSolution
		Debug|Any CPU = Debug|Any CPU
		Release|Any CPU = Release|Any CPU
	EndGlobalSection
	GlobalSection(ProjectConfigurationPlatforms) = postSolution
		{BEF4816A-5027-4034-A481-C8AC44A91886}.Debug|Any CPU.ActiveCfg = Debug|Any CPU
		{BEF4816A-5027-4034-A481-C8AC44A91886}.Debug|Any CPU.Build.0 = Debug|Any CPU
		{BEF4816A-5027-4034-A481-C8AC44A91886}.Release|Any CPU.ActiveCfg = Release|Any CPU
		{BEF4816A-5027-4034-A481-C8AC44A91886}.Release|Any CPU.Build.0 = Release|Any CPU
	EndGlobalSection
	GlobalSection(SolutionProperties) = preSolution
		HideSolutionNode = FALSE
	EndGlobalSection
	GlobalSection(ExtensibilityGlobals) = postSolution
		SolutionGuid = {828281F0-8D8C-42E1-9BF9-101951E54F46}
	EndGlobalSection
EndGlobal
